// !$*UTF8*$!
{
	archiveVersion = 1;
	classes = {
	};
	objectVersion = 46;
	objects = {

/* Begin PBXBuildFile section */
		3253D6E51AABF55400D42450 /* AppDelegate.swift in Sources */ = {isa = PBXBuildFile; fileRef = 3253D6E41AABF55400D42450 /* AppDelegate.swift */; };
		3253D6E71AABF55400D42450 /* ViewController.swift in Sources */ = {isa = PBXBuildFile; fileRef = 3253D6E61AABF55400D42450 /* ViewController.swift */; };
		3253D6EA1AABF55400D42450 /* Main.storyboard in Resources */ = {isa = PBXBuildFile; fileRef = 3253D6E81AABF55400D42450 /* Main.storyboard */; };
		3253D6EC1AABF55400D42450 /* Images.xcassets in Resources */ = {isa = PBXBuildFile; fileRef = 3253D6EB1AABF55400D42450 /* Images.xcassets */; };
		3253D6EF1AABF55400D42450 /* LaunchScreen.xib in Resources */ = {isa = PBXBuildFile; fileRef = 3253D6ED1AABF55400D42450 /* LaunchScreen.xib */; };
		3253D6FB1AABF55400D42450 /* MatchingMachikoTests.swift in Sources */ = {isa = PBXBuildFile; fileRef = 3253D6FA1AABF55400D42450 /* MatchingMachikoTests.swift */; };
		326B67681B19A30700FEC949 /* tv.jpg in Resources */ = {isa = PBXBuildFile; fileRef = 326B67671B19A30700FEC949 /* tv.jpg */; };
		3294FBCA1B11C33900939B5B /*  machiko80.png in Resources */ = {isa = PBXBuildFile; fileRef = 3294FBC51B11C33900939B5B /*  machiko80.png */; };
		3294FBCB1B11C33900939B5B /*  machiko87.png in Resources */ = {isa = PBXBuildFile; fileRef = 3294FBC61B11C33900939B5B /*  machiko87.png */; };
		3294FBCC1B11C33900939B5B /*  machiko120.png in Resources */ = {isa = PBXBuildFile; fileRef = 3294FBC71B11C33900939B5B /*  machiko120.png */; };
		3294FBCD1B11C33900939B5B /*  machiko180.png in Resources */ = {isa = PBXBuildFile; fileRef = 3294FBC81B11C33900939B5B /*  machiko180.png */; };
		3294FBCF1B11C34C00939B5B /*  machiko58.png in Resources */ = {isa = PBXBuildFile; fileRef = 3294FBCE1B11C34C00939B5B /*  machiko58.png */; };
		3294FBD11B11C81400939B5B /* TableViewControllerRegist.swift in Sources */ = {isa = PBXBuildFile; fileRef = 3294FBD01B11C81400939B5B /* TableViewControllerRegist.swift */; };
/* End PBXBuildFile section */

/* Begin PBXContainerItemProxy section */
		3253D6F51AABF55400D42450 /* PBXContainerItemProxy */ = {
			isa = PBXContainerItemProxy;
			containerPortal = 3253D6D71AABF55400D42450 /* Project object */;
			proxyType = 1;
			remoteGlobalIDString = 3253D6DE1AABF55400D42450;
			remoteInfo = MatchingMachiko;
		};
/* End PBXContainerItemProxy section */

/* Begin PBXFileReference section */
		3253D6DF1AABF55400D42450 /* MatchingMachiko.app */ = {isa = PBXFileReference; explicitFileType = wrapper.application; includeInIndex = 0; path = MatchingMachiko.app; sourceTree = BUILT_PRODUCTS_DIR; };
		3253D6E31AABF55400D42450 /* Info.plist */ = {isa = PBXFileReference; lastKnownFileType = text.plist.xml; path = Info.plist; sourceTree = "<group>"; };
		3253D6E41AABF55400D42450 /* AppDelegate.swift */ = {isa = PBXFileReference; lastKnownFileType = sourcecode.swift; path = AppDelegate.swift; sourceTree = "<group>"; };
		3253D6E61AABF55400D42450 /* ViewController.swift */ = {isa = PBXFileReference; lastKnownFileType = sourcecode.swift; path = ViewController.swift; sourceTree = "<group>"; };
		3253D6E91AABF55400D42450 /* Base */ = {isa = PBXFileReference; lastKnownFileType = file.storyboard; name = Base; path = Base.lproj/Main.storyboard; sourceTree = "<group>"; };
		3253D6EB1AABF55400D42450 /* Images.xcassets */ = {isa = PBXFileReference; lastKnownFileType = folder.assetcatalog; path = Images.xcassets; sourceTree = "<group>"; };
		3253D6EE1AABF55400D42450 /* Base */ = {isa = PBXFileReference; lastKnownFileType = file.xib; name = Base; path = Base.lproj/LaunchScreen.xib; sourceTree = "<group>"; };
		3253D6F41AABF55400D42450 /* MatchingMachikoTests.xctest */ = {isa = PBXFileReference; explicitFileType = wrapper.cfbundle; includeInIndex = 0; path = MatchingMachikoTests.xctest; sourceTree = BUILT_PRODUCTS_DIR; };
		3253D6F91AABF55400D42450 /* Info.plist */ = {isa = PBXFileReference; lastKnownFileType = text.plist.xml; path = Info.plist; sourceTree = "<group>"; };
		3253D6FA1AABF55400D42450 /* MatchingMachikoTests.swift */ = {isa = PBXFileReference; lastKnownFileType = sourcecode.swift; path = MatchingMachikoTests.swift; sourceTree = "<group>"; };
		326B67671B19A30700FEC949 /* tv.jpg */ = {isa = PBXFileReference; lastKnownFileType = image.jpeg; path = tv.jpg; sourceTree = "<group>"; };
		3294FBC51B11C33900939B5B /*  machiko80.png */ = {isa = PBXFileReference; lastKnownFileType = image.png; path = " machiko80.png"; sourceTree = "<group>"; };
		3294FBC61B11C33900939B5B /*  machiko87.png */ = {isa = PBXFileReference; lastKnownFileType = image.png; path = " machiko87.png"; sourceTree = "<group>"; };
		3294FBC71B11C33900939B5B /*  machiko120.png */ = {isa = PBXFileReference; lastKnownFileType = image.png; path = " machiko120.png"; sourceTree = "<group>"; };
		3294FBC81B11C33900939B5B /*  machiko180.png */ = {isa = PBXFileReference; lastKnownFileType = image.png; path = " machiko180.png"; sourceTree = "<group>"; };
		3294FBCE1B11C34C00939B5B /*  machiko58.png */ = {isa = PBXFileReference; lastKnownFileType = image.png; path = " machiko58.png"; sourceTree = "<group>"; };
		3294FBD01B11C81400939B5B /* TableViewControllerRegist.swift */ = {isa = PBXFileReference; fileEncoding = 4; lastKnownFileType = sourcecode.swift; path = TableViewControllerRegist.swift; sourceTree = "<group>"; };
/* End PBXFileReference section */

/* Begin PBXFrameworksBuildPhase section */
		3253D6DC1AABF55400D42450 /* Frameworks */ = {
			isa = PBXFrameworksBuildPhase;
			buildActionMask = 2147483647;
			files = (
			);
			runOnlyForDeploymentPostprocessing = 0;
		};
		3253D6F11AABF55400D42450 /* Frameworks */ = {
			isa = PBXFrameworksBuildPhase;
			buildActionMask = 2147483647;
			files = (
			);
			runOnlyForDeploymentPostprocessing = 0;
		};
/* End PBXFrameworksBuildPhase section */

/* Begin PBXGroup section */
		3253D6D61AABF55400D42450 = {
			isa = PBXGroup;
			children = (
				3253D6E11AABF55400D42450 /* MatchingMachiko */,
				3253D6F71AABF55400D42450 /* MatchingMachikoTests */,
				3253D6E01AABF55400D42450 /* Products */,
			);
			sourceTree = "<group>";
			usesTabs = 0;
		};
		3253D6E01AABF55400D42450 /* Products */ = {
			isa = PBXGroup;
			children = (
				3253D6DF1AABF55400D42450 /* MatchingMachiko.app */,
				3253D6F41AABF55400D42450 /* MatchingMachikoTests.xctest */,
			);
			name = Products;
			sourceTree = "<group>";
		};
		3253D6E11AABF55400D42450 /* MatchingMachiko */ = {
			isa = PBXGroup;
			children = (
				3294FBD01B11C81400939B5B /* TableViewControllerRegist.swift */,
				3253D6E41AABF55400D42450 /* AppDelegate.swift */,
				3253D6E61AABF55400D42450 /* ViewController.swift */,
				3253D6E81AABF55400D42450 /* Main.storyboard */,
				326B67671B19A30700FEC949 /* tv.jpg */,
				3294FBC51B11C33900939B5B /*  machiko80.png */,
				3294FBC61B11C33900939B5B /*  machiko87.png */,
				3294FBCE1B11C34C00939B5B /*  machiko58.png */,
				3294FBC71B11C33900939B5B /*  machiko120.png */,
				3294FBC81B11C33900939B5B /*  machiko180.png */,
				3253D6EB1AABF55400D42450 /* Images.xcassets */,
				3253D6ED1AABF55400D42450 /* LaunchScreen.xib */,
				3253D6E21AABF55400D42450 /* Supporting Files */,
			);
			path = MatchingMachiko;
			sourceTree = "<group>";
		};
		3253D6E21AABF55400D42450 /* Supporting Files */ = {
			isa = PBXGroup;
			children = (
				3253D6E31AABF55400D42450 /* Info.plist */,
			);
			name = "Supporting Files";
			sourceTree = "<group>";
		};
		3253D6F71AABF55400D42450 /* MatchingMachikoTests */ = {
			isa = PBXGroup;
			children = (
				3253D6FA1AABF55400D42450 /* MatchingMachikoTests.swift */,
				3253D6F81AABF55400D42450 /* Supporting Files */,
			);
			path = MatchingMachikoTests;
			sourceTree = "<group>";
		};
		3253D6F81AABF55400D42450 /* Supporting Files */ = {
			isa = PBXGroup;
			children = (
				3253D6F91AABF55400D42450 /* Info.plist */,
			);
			name = "Supporting Files";
			sourceTree = "<group>";
		};
/* End PBXGroup section */

/* Begin PBXNativeTarget section */
		3253D6DE1AABF55400D42450 /* MatchingMachiko */ = {
			isa = PBXNativeTarget;
			buildConfigurationList = 3253D6FE1AABF55400D42450 /* Build configuration list for PBXNativeTarget "MatchingMachiko" */;
			buildPhases = (
				3253D6DB1AABF55400D42450 /* Sources */,
				3253D6DC1AABF55400D42450 /* Frameworks */,
				3253D6DD1AABF55400D42450 /* Resources */,
			);
			buildRules = (
			);
			dependencies = (
			);
			name = MatchingMachiko;
			productName = MatchingMachiko;
			productReference = 3253D6DF1AABF55400D42450 /* MatchingMachiko.app */;
			productType = "com.apple.product-type.application";
		};
		3253D6F31AABF55400D42450 /* MatchingMachikoTests */ = {
			isa = PBXNativeTarget;
			buildConfigurationList = 3253D7011AABF55400D42450 /* Build configuration list for PBXNativeTarget "MatchingMachikoTests" */;
			buildPhases = (
				3253D6F01AABF55400D42450 /* Sources */,
				3253D6F11AABF55400D42450 /* Frameworks */,
				3253D6F21AABF55400D42450 /* Resources */,
			);
			buildRules = (
			);
			dependencies = (
				3253D6F61AABF55400D42450 /* PBXTargetDependency */,
			);
			name = MatchingMachikoTests;
			productName = MatchingMachikoTests;
			productReference = 3253D6F41AABF55400D42450 /* MatchingMachikoTests.xctest */;
			productType = "com.apple.product-type.bundle.unit-test";
		};
/* End PBXNativeTarget section */

/* Begin PBXProject section */
		3253D6D71AABF55400D42450 /* Project object */ = {
			isa = PBXProject;
			attributes = {
				LastUpgradeCheck = 0610;
				ORGANIZATIONNAME = "田端 亮";
				TargetAttributes = {
					3253D6DE1AABF55400D42450 = {
						CreatedOnToolsVersion = 6.1.1;
						DevelopmentTeam = 6HJ85H2ERY;
					};
					3253D6F31AABF55400D42450 = {
						CreatedOnToolsVersion = 6.1.1;
						TestTargetID = 3253D6DE1AABF55400D42450;
					};
				};
			};
			buildConfigurationList = 3253D6DA1AABF55400D42450 /* Build configuration list for PBXProject "MatchingMachiko" */;
			compatibilityVersion = "Xcode 3.2";
			developmentRegion = English;
			hasScannedForEncodings = 0;
			knownRegions = (
				en,
				Base,
			);
			mainGroup = 3253D6D61AABF55400D42450;
			productRefGroup = 3253D6E01AABF55400D42450 /* Products */;
			projectDirPath = "";
			projectRoot = "";
			targets = (
				3253D6DE1AABF55400D42450 /* MatchingMachiko */,
				3253D6F31AABF55400D42450 /* MatchingMachikoTests */,
			);
		};
/* End PBXProject section */

/* Begin PBXResourcesBuildPhase section */
		3253D6DD1AABF55400D42450 /* Resources */ = {
			isa = PBXResourcesBuildPhase;
			buildActionMask = 2147483647;
			files = (
				3294FBCC1B11C33900939B5B /*  machiko120.png in Resources */,
				3294FBCD1B11C33900939B5B /*  machiko180.png in Resources */,
				3294FBCA1B11C33900939B5B /*  machiko80.png in Resources */,
				3294FBCB1B11C33900939B5B /*  machiko87.png in Resources */,
				326B67681B19A30700FEC949 /* tv.jpg in Resources */,
				3253D6EA1AABF55400D42450 /* Main.storyboard in Resources */,
				3253D6EF1AABF55400D42450 /* LaunchScreen.xib in Resources */,
				3253D6EC1AABF55400D42450 /* Images.xcassets in Resources */,
				3294FBCF1B11C34C00939B5B /*  machiko58.png in Resources */,
			);
			runOnlyForDeploymentPostprocessing = 0;
		};
		3253D6F21AABF55400D42450 /* Resources */ = {
			isa = PBXResourcesBuildPhase;
			buildActionMask = 2147483647;
			files = (
			);
			runOnlyForDeploymentPostprocessing = 0;
		};
/* End PBXResourcesBuildPhase section */

/* Begin PBXSourcesBuildPhase section */
		3253D6DB1AABF55400D42450 /* Sources */ = {
			isa = PBXSourcesBuildPhase;
			buildActionMask = 2147483647;
			files = (
				3294FBD11B11C81400939B5B /* TableViewControllerRegist.swift in Sources */,
				3253D6E71AABF55400D42450 /* ViewController.swift in Sources */,
				3253D6E51AABF55400D42450 /* AppDelegate.swift in Sources */,
			);
			runOnlyForDeploymentPostprocessing = 0;
		};
		3253D6F01AABF55400D42450 /* Sources */ = {
			isa = PBXSourcesBuildPhase;
			buildActionMask = 2147483647;
			files = (
				3253D6FB1AABF55400D42450 /* MatchingMachikoTests.swift in Sources */,
			);
			runOnlyForDeploymentPostprocessing = 0;
		};
/* End PBXSourcesBuildPhase section */

/* Begin PBXTargetDependency section */
		3253D6F61AABF55400D42450 /* PBXTargetDependency */ = {
			isa = PBXTargetDependency;
			target = 3253D6DE1AABF55400D42450 /* MatchingMachiko */;
			targetProxy = 3253D6F51AABF55400D42450 /* PBXContainerItemProxy */;
		};
/* End PBXTargetDependency section */

/* Begin PBXVariantGroup section */
		3253D6E81AABF55400D42450 /* Main.storyboard */ = {
			isa = PBXVariantGroup;
			children = (
				3253D6E91AABF55400D42450 /* Base */,
			);
			name = Main.storyboard;
			sourceTree = "<group>";
		};
		3253D6ED1AABF55400D42450 /* LaunchScreen.xib */ = {
			isa = PBXVariantGroup;
			children = (
				3253D6EE1AABF55400D42450 /* Base */,
			);
			name = LaunchScreen.xib;
			sourceTree = "<group>";
		};
/* End PBXVariantGroup section */

/* Begin XCBuildConfiguration section */
		3253D6FC1AABF55400D42450 /* Debug */ = {
			isa = XCBuildConfiguration;
			buildSettings = {
				ALWAYS_SEARCH_USER_PATHS = NO;
				CLANG_CXX_LANGUAGE_STANDARD = "gnu++0x";
				CLANG_CXX_LIBRARY = "libc++";
				CLANG_ENABLE_MODULES = YES;
				CLANG_ENABLE_OBJC_ARC = YES;
				CLANG_WARN_BOOL_CONVERSION = YES;
				CLANG_WARN_CONSTANT_CONVERSION = YES;
				CLANG_WARN_DIRECT_OBJC_ISA_USAGE = YES_ERROR;
				CLANG_WARN_EMPTY_BODY = YES;
				CLANG_WARN_ENUM_CONVERSION = YES;
				CLANG_WARN_INT_CONVERSION = YES;
				CLANG_WARN_OBJC_ROOT_CLASS = YES_ERROR;
				CLANG_WARN_UNREACHABLE_CODE = YES;
				CLANG_WARN__DUPLICATE_METHOD_MATCH = YES;
				"CODE_SIGN_IDENTITY[sdk=iphoneos*]" = "iPhone Developer";
				COPY_PHASE_STRIP = NO;
				ENABLE_STRICT_OBJC_MSGSEND = YES;
				GCC_C_LANGUAGE_STANDARD = gnu99;
				GCC_DYNAMIC_NO_PIC = NO;
				GCC_OPTIMIZATION_LEVEL = 0;
				GCC_PREPROCESSOR_DEFINITIONS = (
					"DEBUG=1",
					"$(inherited)",
				);
				GCC_SYMBOLS_PRIVATE_EXTERN = NO;
				GCC_WARN_64_TO_32_BIT_CONVERSION = YES;
				GCC_WARN_ABOUT_RETURN_TYPE = YES_ERROR;
				GCC_WARN_UNDECLARED_SELECTOR = YES;
				GCC_WARN_UNINITIALIZED_AUTOS = YES_AGGRESSIVE;
				GCC_WARN_UNUSED_FUNCTION = YES;
				GCC_WARN_UNUSED_VARIABLE = YES;
				IPHONEOS_DEPLOYMENT_TARGET = 8.1;
				MTL_ENABLE_DEBUG_INFO = YES;
				ONLY_ACTIVE_ARCH = YES;
				SDKROOT = iphoneos;
				SWIFT_OPTIMIZATION_LEVEL = "-Onone";
			};
			name = Debug;
		};
		3253D6FD1AABF55400D42450 /* Release */ = {
			isa = XCBuildConfiguration;
			buildSettings = {
				ALWAYS_SEARCH_USER_PATHS = NO;
				CLANG_CXX_LANGUAGE_STANDARD = "gnu++0x";
				CLANG_CXX_LIBRARY = "libc++";
				CLANG_ENABLE_MODULES = YES;
				CLANG_ENABLE_OBJC_ARC = YES;
				CLANG_WARN_BOOL_CONVERSION = YES;
				CLANG_WARN_CONSTANT_CONVERSION = YES;
				CLANG_WARN_DIRECT_OBJC_ISA_USAGE = YES_ERROR;
				CLANG_WARN_EMPTY_BODY = YES;
				CLANG_WARN_ENUM_CONVERSION = YES;
				CLANG_WARN_INT_CONVERSION = YES;
				CLANG_WARN_OBJC_ROOT_CLASS = YES_ERROR;
				CLANG_WARN_UNREACHABLE_CODE = YES;
				CLANG_WARN__DUPLICATE_METHOD_MATCH = YES;
				"CODE_SIGN_IDENTITY[sdk=iphoneos*]" = "iPhone Developer";
				COPY_PHASE_STRIP = YES;
				ENABLE_NS_ASSERTIONS = NO;
				ENABLE_STRICT_OBJC_MSGSEND = YES;
				GCC_C_LANGUAGE_STANDARD = gnu99;
				GCC_WARN_64_TO_32_BIT_CONVERSION = YES;
				GCC_WARN_ABOUT_RETURN_TYPE = YES_ERROR;
				GCC_WARN_UNDECLARED_SELECTOR = YES;
				GCC_WARN_UNINITIALIZED_AUTOS = YES_AGGRESSIVE;
				GCC_WARN_UNUSED_FUNCTION = YES;
				GCC_WARN_UNUSED_VARIABLE = YES;
				IPHONEOS_DEPLOYMENT_TARGET = 8.1;
				MTL_ENABLE_DEBUG_INFO = NO;
				SDKROOT = iphoneos;
				VALIDATE_PRODUCT = YES;
			};
			name = Release;
		};
		3253D6FF1AABF55400D42450 /* Debug */ = {
			isa = XCBuildConfiguration;
			buildSettings = {
				ASSETCATALOG_COMPILER_APPICON_NAME = AppIcon;
				CODE_SIGN_IDENTITY = "iPhone Developer";
				INFOPLIST_FILE = MatchingMachiko/Info.plist;
				LD_RUNPATH_SEARCH_PATHS = "$(inherited) @executable_path/Frameworks";
				PRODUCT_NAME = "$(TARGET_NAME)";
				TARGETED_DEVICE_FAMILY = 1;
			};
			name = Debug;
		};
		3253D7001AABF55400D42450 /* Release */ = {
			isa = XCBuildConfiguration;
			buildSettings = {
				ASSETCATALOG_COMPILER_APPICON_NAME = AppIcon;
				CODE_SIGN_IDENTITY = "iPhone Developer";
				INFOPLIST_FILE = MatchingMachiko/Info.plist;
				LD_RUNPATH_SEARCH_PATHS = "$(inherited) @executable_path/Frameworks";
				PRODUCT_NAME = "$(TARGET_NAME)";
				TARGETED_DEVICE_FAMILY = 1;
			};
			name = Release;
		};
		3253D7021AABF55400D42450 /* Debug */ = {
			isa = XCBuildConfiguration;
			buildSettings = {
				BUNDLE_LOADER = "$(TEST_HOST)";
				FRAMEWORK_SEARCH_PATHS = (
					"$(SDKROOT)/Developer/Library/Frameworks",
					"$(inherited)",
				);
				GCC_PREPROCESSOR_DEFINITIONS = (
					"DEBUG=1",
					"$(inherited)",
				);
				INFOPLIST_FILE = MatchingMachikoTests/Info.plist;
				LD_RUNPATH_SEARCH_PATHS = "$(inherited) @executable_path/Frameworks @loader_path/Frameworks";
				PRODUCT_NAME = "$(TARGET_NAME)";
				TEST_HOST = "$(BUILT_PRODUCTS_DIR)/MatchingMachiko.app/MatchingMachiko";
			};
			name = Debug;
		};
		3253D7031AABF55400D42450 /* Release */ = {
			isa = XCBuildConfiguration;
			buildSettings = {
				BUNDLE_LOADER = "$(TEST_HOST)";
				FRAMEWORK_SEARCH_PATHS = (
					"$(SDKROOT)/Developer/Library/Frameworks",
					"$(inherited)",
				);
				INFOPLIST_FILE = MatchingMachikoTests/Info.plist;
				LD_RUNPATH_SEARCH_PATHS = "$(inherited) @executable_path/Frameworks @loader_path/Frameworks";
				PRODUCT_NAME = "$(TARGET_NAME)";
				TEST_HOST = "$(BUILT_PRODUCTS_DIR)/MatchingMachiko.app/MatchingMachiko";
			};
			name = Release;
		};
/* End XCBuildConfiguration section */

/* Begin XCConfigurationList section */
		3253D6DA1AABF55400D42450 /* Build configuration list for PBXProject "MatchingMachiko" */ = {
			isa = XCConfigurationList;
			buildConfigurations = (
				3253D6FC1AABF55400D42450 /* Debug */,
				3253D6FD1AABF55400D42450 /* Release */,
			);
			defaultConfigurationIsVisible = 0;
			defaultConfigurationName = Release;
		};
		3253D6FE1AABF55400D42450 /* Build configuration list for PBXNativeTarget "MatchingMachiko" */ = {
			isa = XCConfigurationList;
			buildConfigurations = (
				3253D6FF1AABF55400D42450 /* Debug */,
				3253D7001AABF55400D42450 /* Release */,
			);
			defaultConfigurationIsVisible = 0;
			defaultConfigurationName = Release;
		};
		3253D7011AABF55400D42450 /* Build configuration list for PBXNativeTarget "MatchingMachikoTests" */ = {
			isa = XCConfigurationList;
			buildConfigurations = (
				3253D7021AABF55400D42450 /* Debug */,
				3253D7031AABF55400D42450 /* Release */,
			);
			defaultConfigurationIsVisible = 0;
			defaultConfigurationName = Release;
		};
/* End XCConfigurationList section */
	};
	rootObject = 3253D6D71AABF55400D42450 /* Project object */;
}
